{
  "nodes": {
    "gfx803-compat": {
      "inputs": {
        "nixpkgs": "nixpkgs"
      },
      "locked": {
        "lastModified": 1774870603,
        "narHash": "sha256-V+kdLJLbtUxUOgzJf4/nqYqw8D8GLMtslkqip8H9BXk=",
        "path": "/home/c/Documents/code/__OTHER/gfx803_compat_graph/gfx803_flake_v1",
        "type": "path"
      },
      "original": {
        "path": "/home/c/Documents/code/__OTHER/gfx803_compat_graph/gfx803_flake_v1",
        "type": "path"
      }
    },
    "nixpkgs": {
      "locked": {
        "lastModified": 1773646010,
        "narHash": "sha256-iYrs97hS7p5u4lQzuNWzuALGIOdkPXvjz7bviiBjUu8=",
        "owner": "NixOS",
        "repo": "nixpkgs",
        "rev": "5b2c2d84341b2afb5647081c1386a80d7a8d8605",
        "type": "github"
      },
      "original": {
        "owner": "NixOS",
        "ref": "nixos-unstable",
        "repo": "nixpkgs",
        "type": "github"
      }
    },
    "root": {
      "inputs": {
        "gfx803-compat": "gfx803-compat",
        "nixpkgs": [
          "gfx803-compat",
          "nixpkgs"
        ]
      }
    }
  },
  "root": "root",
  "version": 7
}
